// !$*UTF8*$!
{
	archiveVersion = 1;
	classes = {
	};
	objectVersion = 46;
	objects = {

/* Begin PBXBuildFile section */
		80240F091B89B70B0028489C /* AppDelegate.swift in Sources */ = {isa = PBXBuildFile; fileRef = 80240F081B89B70B0028489C /* AppDelegate.swift */; };
		80240F0B1B89B70B0028489C /* ViewController.swift in Sources */ = {isa = PBXBuildFile; fileRef = 80240F0A1B89B70B0028489C /* ViewController.swift */; };
		80240F0E1B89B70B0028489C /* Main.storyboard in Resources */ = {isa = PBXBuildFile; fileRef = 80240F0C1B89B70B0028489C /* Main.storyboard */; };
		80240F101B89B70B0028489C /* Images.xcassets in Resources */ = {isa = PBXBuildFile; fileRef = 80240F0F1B89B70B0028489C /* Images.xcassets */; };
		80240F131B89B70B0028489C /* LaunchScreen.xib in Resources */ = {isa = PBXBuildFile; fileRef = 80240F111B89B70B0028489C /* LaunchScreen.xib */; };
		80240F1F1B89B70B0028489C /* ConstraintsTests.swift in Sources */ = {isa = PBXBuildFile; fileRef = 80240F1E1B89B70B0028489C /* ConstraintsTests.swift */; };
/* End PBXBuildFile section */

/* Begin PBXContainerItemProxy section */
		80240F191B89B70B0028489C /* PBXContainerItemProxy */ = {
			isa = PBXContainerItemProxy;
			containerPortal = 80240EFB1B89B70B0028489C /* Project object */;
			proxyType = 1;
			remoteGlobalIDString = 80240F021B89B70B0028489C;
			remoteInfo = Constraints;
		};
/* End PBXContainerItemProxy section */

/* Begin PBXFileReference section */
		80240F031B89B70B0028489C /* Constraints.app */ = {isa = PBXFileReference; explicitFileType = wrapper.application; includeInIndex = 0; path = Constraints.app; sourceTree = BUILT_PRODUCTS_DIR; };
		80240F071B89B70B0028489C /* Info.plist */ = {isa = PBXFileReference; lastKnownFileType = text.plist.xml; path = Info.plist; sourceTree = "<group>"; };
		80240F081B89B70B0028489C /* AppDelegate.swift */ = {isa = PBXFileReference; lastKnownFileType = sourcecode.swift; path = AppDelegate.swift; sourceTree = "<group>"; };
		80240F0A1B89B70B0028489C /* ViewController.swift */ = {isa = PBXFileReference; lastKnownFileType = sourcecode.swift; path = ViewController.swift; sourceTree = "<group>"; };
		80240F0D1B89B70B0028489C /* Base */ = {isa = PBXFileReference; lastKnownFileType = file.storyboard; name = Base; path = Base.lproj/Main.storyboard; sourceTree = "<group>"; };
		80240F0F1B89B70B0028489C /* Images.xcassets */ = {isa = PBXFileReference; lastKnownFileType = folder.assetcatalog; path = Images.xcassets; sourceTree = "<group>"; };
		80240F121B89B70B0028489C /* Base */ = {isa = PBXFileReference; lastKnownFileType = file.xib; name = Base; path = Base.lproj/LaunchScreen.xib; sourceTree = "<group>"; };
		80240F181B89B70B0028489C /* ConstraintsTests.xctest */ = {isa = PBXFileReference; explicitFileType = wrapper.cfbundle; includeInIndex = 0; path = ConstraintsTests.xctest; sourceTree = BUILT_PRODUCTS_DIR; };
		80240F1D1B89B70B0028489C /* Info.plist */ = {isa = PBXFileReference; lastKnownFileType = text.plist.xml; path = Info.plist; sourceTree = "<group>"; };
		80240F1E1B89B70B0028489C /* ConstraintsTests.swift */ = {isa = PBXFileReference; lastKnownFileType = sourcecode.swift; path = ConstraintsTests.swift; sourceTree = "<group>"; };
/* End PBXFileReference section */

/* Begin PBXFrameworksBuildPhase section */
		80240F001B89B70B0028489C /* Frameworks */ = {
			isa = PBXFrameworksBuildPhase;
			buildActionMask = 2147483647;
			files = (
			);
			runOnlyForDeploymentPostprocessing = 0;
		};
		80240F151B89B70B0028489C /* Frameworks */ = {
			isa = PBXFrameworksBuildPhase;
			buildActionMask = 2147483647;
			files = (
			);
			runOnlyForDeploymentPostprocessing = 0;
		};
/* End PBXFrameworksBuildPhase section */

/* Begin PBXGroup section */
		80240EFA1B89B70B0028489C = {
			isa = PBXGroup;
			children = (
				80240F051B89B70B0028489C /* Constraints */,
				80240F1B1B89B70B0028489C /* ConstraintsTests */,
				80240F041B89B70B0028489C /* Products */,
			);
			sourceTree = "<group>";
		};
		80240F041B89B70B0028489C /* Products */ = {
			isa = PBXGroup;
			children = (
				80240F031B89B70B0028489C /* Constraints.app */,
				80240F181B89B70B0028489C /* ConstraintsTests.xctest */,
			);
			name = Products;
			sourceTree = "<group>";
		};
		80240F051B89B70B0028489C /* Constraints */ = {
			isa = PBXGroup;
			children = (
				80240F081B89B70B0028489C /* AppDelegate.swift */,
				80240F0A1B89B70B0028489C /* ViewController.swift */,
				80240F0C1B89B70B0028489C /* Main.storyboard */,
				80240F0F1B89B70B0028489C /* Images.xcassets */,
				80240F111B89B70B0028489C /* LaunchScreen.xib */,
				80240F061B89B70B0028489C /* Supporting Files */,
			);
			path = Constraints;
			sourceTree = "<group>";
		};
		80240F061B89B70B0028489C /* Supporting Files */ = {
			isa = PBXGroup;
			children = (
				80240F071B89B70B0028489C /* Info.plist */,
			);
			name = "Supporting Files";
			sourceTree = "<group>";
		};
		80240F1B1B89B70B0028489C /* ConstraintsTests */ = {
			isa = PBXGroup;
			children = (
				80240F1E1B89B70B0028489C /* ConstraintsTests.swift */,
				80240F1C1B89B70B0028489C /* Supporting Files */,
			);
			path = ConstraintsTests;
			sourceTree = "<group>";
		};
		80240F1C1B89B70B0028489C /* Supporting Files */ = {
			isa = PBXGroup;
			children = (
				80240F1D1B89B70B0028489C /* Info.plist */,
			);
			name = "Supporting Files";
			sourceTree = "<group>";
		};
/* End PBXGroup section */

/* Begin PBXNativeTarget section */
		80240F021B89B70B0028489C /* Constraints */ = {
			isa = PBXNativeTarget;
			buildConfigurationList = 80240F221B89B70B0028489C /* Build configuration list for PBXNativeTarget "Constraints" */;
			buildPhases = (
				80240EFF1B89B70B0028489C /* Sources */,
				80240F001B89B70B0028489C /* Frameworks */,
				80240F011B89B70B0028489C /* Resources */,
			);
			buildRules = (
			);
			dependencies = (
			);
			name = Constraints;
			productName = Constraints;
			productReference = 80240F031B89B70B0028489C /* Constraints.app */;
			productType = "com.apple.product-type.application";
		};
		80240F171B89B70B0028489C /* ConstraintsTests */ = {
			isa = PBXNativeTarget;
			buildConfigurationList = 80240F251B89B70B0028489C /* Build configuration list for PBXNativeTarget "ConstraintsTests" */;
			buildPhases = (
				80240F141B89B70B0028489C /* Sources */,
				80240F151B89B70B0028489C /* Frameworks */,
				80240F161B89B70B0028489C /* Resources */,
			);
			buildRules = (
			);
			dependencies = (
				80240F1A1B89B70B0028489C /* PBXTargetDependency */,
			);
			name = ConstraintsTests;
			productName = ConstraintsTests;
			productReference = 80240F181B89B70B0028489C /* ConstraintsTests.xctest */;
			productType = "com.apple.product-type.bundle.unit-test";
		};
/* End PBXNativeTarget section */

/* Begin PBXProject section */
		80240EFB1B89B70B0028489C /* Project object */ = {
			isa = PBXProject;
			attributes = {
				LastUpgradeCheck = 0630;
				ORGANIZATIONNAME = noprom;
				TargetAttributes = {
					80240F021B89B70B0028489C = {
						CreatedOnToolsVersion = 6.3.2;
					};
					80240F171B89B70B0028489C = {
						CreatedOnToolsVersion = 6.3.2;
						TestTargetID = 80240F021B89B70B0028489C;
					};
				};
			};
			buildConfigurationList = 80240EFE1B89B70B0028489C /* Build configuration list for PBXProject "Constraints" */;
			compatibilityVersion = "Xcode 3.2";
			developmentRegion = English;
			hasScannedForEncodings = 0;
			knownRegions = (
				en,
				Base,
			);
			mainGroup = 80240EFA1B89B70B0028489C;
			productRefGroup = 80240F041B89B70B0028489C /* Products */;
			projectDirPath = "";
			projectRoot = "";
			targets = (
				80240F021B89B70B0028489C /* Constraints */,
				80240F171B89B70B0028489C /* ConstraintsTests */,
			);
		};
/* End PBXProject section */

/* Begin PBXResourcesBuildPhase section */
		80240F011B89B70B0028489C /* Resources */ = {
			isa = PBXResourcesBuildPhase;
			buildActionMask = 2147483647;
			files = (
				80240F0E1B89B70B0028489C /* Main.storyboard in Resources */,
				80240F131B89B70B0028489C /* LaunchScreen.xib in Resources */,
				80240F101B89B70B0028489C /* Images.xcassets in Resources */,
			);
			runOnlyForDeploymentPostprocessing = 0;
		};
		80240F161B89B70B0028489C /* Resources */ = {
			isa = PBXResourcesBuildPhase;
			buildActionMask = 2147483647;
			files = (
			);
			runOnlyForDeploymentPostprocessing = 0;
		};
/* End PBXResourcesBuildPhase section */

/* Begin PBXSourcesBuildPhase section */
		80240EFF1B89B70B0028489C /* Sources */ = {
			isa = PBXSourcesBuildPhase;
			buildActionMask = 2147483647;
			files = (
				80240F0B1B89B70B0028489C /* ViewController.swift in Sources */,
				80240F091B89B70B0028489C /* AppDelegate.swift in Sources */,
			);
			runOnlyForDeploymentPostprocessing = 0;
		};
		80240F141B89B70B0028489C /* Sources */ = {
			isa = PBXSourcesBuildPhase;
			buildActionMask = 2147483647;
			files = (
				80240F1F1B89B70B0028489C /* ConstraintsTests.swift in Sources */,
			);
			runOnlyForDeploymentPostprocessing = 0;
		};
/* End PBXSourcesBuildPhase section */

/* Begin PBXTargetDependency section */
		80240F1A1B89B70B0028489C /* PBXTargetDependency */ = {
			isa = PBXTargetDependency;
			target = 80240F021B89B70B0028489C /* Constraints */;
			targetProxy = 80240F191B89B70B0028489C /* PBXContainerItemProxy */;
		};
/* End PBXTargetDependency section */

/* Begin PBXVariantGroup section */
		80240F0C1B89B70B0028489C /* Main.storyboard */ = {
			isa = PBXVariantGroup;
			children = (
				80240F0D1B89B70B0028489C /* Base */,
			);
			name = Main.storyboard;
			sourceTree = "<group>";
		};
		80240F111B89B70B0028489C /* LaunchScreen.xib */ = {
			isa = PBXVariantGroup;
			children = (
				80240F121B89B70B0028489C /* Base */,
			);
			name = LaunchScreen.xib;
			sourceTree = "<group>";
		};
/* End PBXVariantGroup section */

/* Begin XCBuildConfiguration section */
		80240F201B89B70B0028489C /* Debug */ = {
			isa = XCBuildConfiguration;
			buildSettings = {
				ALWAYS_SEARCH_USER_PATHS = NO;
				CLANG_CXX_LANGUAGE_STANDARD = "gnu++0x";
				CLANG_CXX_LIBRARY = "libc++";
				CLANG_ENABLE_MODULES = YES;
				CLANG_ENABLE_OBJC_ARC = YES;
				CLANG_WARN_BOOL_CONVERSION = YES;
				CLANG_WARN_CONSTANT_CONVERSION = YES;
				CLANG_WARN_DIRECT_OBJC_ISA_USAGE = YES_ERROR;
				CLANG_WARN_EMPTY_BODY = YES;
				CLANG_WARN_ENUM_CONVERSION = YES;
				CLANG_WARN_INT_CONVERSION = YES;
				CLANG_WARN_OBJC_ROOT_CLASS = YES_ERROR;
				CLANG_WARN_UNREACHABLE_CODE = YES;
				CLANG_WARN__DUPLICATE_METHOD_MATCH = YES;
				"CODE_SIGN_IDENTITY[sdk=iphoneos*]" = "iPhone Developer";
				COPY_PHASE_STRIP = NO;
				DEBUG_INFORMATION_FORMAT = "dwarf-with-dsym";
				ENABLE_STRICT_OBJC_MSGSEND = YES;
				GCC_C_LANGUAGE_STANDARD = gnu99;
				GCC_DYNAMIC_NO_PIC = NO;
				GCC_NO_COMMON_BLOCKS = YES;
				GCC_OPTIMIZATION_LEVEL = 0;
				GCC_PREPROCESSOR_DEFINITIONS = (
					"DEBUG=1",
					"$(inherited)",
				);
				GCC_SYMBOLS_PRIVATE_EXTERN = NO;
				GCC_WARN_64_TO_32_BIT_CONVERSION = YES;
				GCC_WARN_ABOUT_RETURN_TYPE = YES_ERROR;
				GCC_WARN_UNDECLARED_SELECTOR = YES;
				GCC_WARN_UNINITIALIZED_AUTOS = YES_AGGRESSIVE;
				GCC_WARN_UNUSED_FUNCTION = YES;
				GCC_WARN_UNUSED_VARIABLE = YES;
				IPHONEOS_DEPLOYMENT_TARGET = 8.3;
				MTL_ENABLE_DEBUG_INFO = YES;
				ONLY_ACTIVE_ARCH = YES;
				SDKROOT = iphoneos;
				SWIFT_OPTIMIZATION_LEVEL = "-Onone";
			};
			name = Debug;
		};
		80240F211B89B70B0028489C /* Release */ = {
			isa = XCBuildConfiguration;
			buildSettings = {
				ALWAYS_SEARCH_USER_PATHS = NO;
				CLANG_CXX_LANGUAGE_STANDARD = "gnu++0x";
				CLANG_CXX_LIBRARY = "libc++";
				CLANG_ENABLE_MODULES = YES;
				CLANG_ENABLE_OBJC_ARC = YES;
				CLANG_WARN_BOOL_CONVERSION = YES;
				CLANG_WARN_CONSTANT_CONVERSION = YES;
				CLANG_WARN_DIRECT_OBJC_ISA_USAGE = YES_ERROR;
				CLANG_WARN_EMPTY_BODY = YES;
				CLANG_WARN_ENUM_CONVERSION = YES;
				CLANG_WARN_INT_CONVERSION = YES;
				CLANG_WARN_OBJC_ROOT_CLASS = YES_ERROR;
				CLANG_WARN_UNREACHABLE_CODE = YES;
				CLANG_WARN__DUPLICATE_METHOD_MATCH = YES;
				"CODE_SIGN_IDENTITY[sdk=iphoneos*]" = "iPhone Developer";
				COPY_PHASE_STRIP = NO;
				DEBUG_INFORMATION_FORMAT = "dwarf-with-dsym";
				ENABLE_NS_ASSERTIONS = NO;
				ENABLE_STRICT_OBJC_MSGSEND = YES;
				GCC_C_LANGUAGE_STANDARD = gnu99;
				GCC_NO_COMMON_BLOCKS = YES;
				GCC_WARN_64_TO_32_BIT_CONVERSION = YES;
				GCC_WARN_ABOUT_RETURN_TYPE = YES_ERROR;
				GCC_WARN_UNDECLARED_SELECTOR = YES;
				GCC_WARN_UNINITIALIZED_AUTOS = YES_AGGRESSIVE;
				GCC_WARN_UNUSED_FUNCTION = YES;
				GCC_WARN_UNUSED_VARIABLE = YES;
				IPHONEOS_DEPLOYMENT_TARGET = 8.3;
				MTL_ENABLE_DEBUG_INFO = NO;
				SDKROOT = iphoneos;
				VALIDATE_PRODUCT = YES;
			};
			name = Release;
		};
		80240F231B89B70B0028489C /* Debug */ = {
			isa = XCBuildConfiguration;
			buildSettings = {
				ASSETCATALOG_COMPILER_APPICON_NAME = AppIcon;
				INFOPLIST_FILE = Constraints/Info.plist;
				LD_RUNPATH_SEARCH_PATHS = "$(inherited) @executable_path/Frameworks";
				PRODUCT_NAME = "$(TARGET_NAME)";
			};
			name = Debug;
		};
		80240F241B89B70B0028489C /* Release */ = {
			isa = XCBuildConfiguration;
			buildSettings = {
				ASSETCATALOG_COMPILER_APPICON_NAME = AppIcon;
				INFOPLIST_FILE = Constraints/Info.plist;
				LD_RUNPATH_SEARCH_PATHS = "$(inherited) @executable_path/Frameworks";
				PRODUCT_NAME = "$(TARGET_NAME)";
			};
			name = Release;
		};
		80240F261B89B70B0028489C /* Debug */ = {
			isa = XCBuildConfiguration;
			buildSettings = {
				BUNDLE_LOADER = "$(TEST_HOST)";
				FRAMEWORK_SEARCH_PATHS = (
					"$(SDKROOT)/Developer/Library/Frameworks",
					"$(inherited)",
				);
				GCC_PREPROCESSOR_DEFINITIONS = (
					"DEBUG=1",
					"$(inherited)",
				);
				INFOPLIST_FILE = ConstraintsTests/Info.plist;
				LD_RUNPATH_SEARCH_PATHS = "$(inherited) @executable_path/Frameworks @loader_path/Frameworks";
				PRODUCT_NAME = "$(TARGET_NAME)";
				TEST_HOST = "$(BUILT_PRODUCTS_DIR)/Constraints.app/Constraints";
			};
			name = Debug;
		};
		80240F271B89B70B0028489C /* Release */ = {
			isa = XCBuildConfiguration;
			buildSettings = {
				BUNDLE_LOADER = "$(TEST_HOST)";
				FRAMEWORK_SEARCH_PATHS = (
					"$(SDKROOT)/Developer/Library/Frameworks",
					"$(inherited)",
				);
				INFOPLIST_FILE = ConstraintsTests/Info.plist;
				LD_RUNPATH_SEARCH_PATHS = "$(inherited) @executable_path/Frameworks @loader_path/Frameworks";
				PRODUCT_NAME = "$(TARGET_NAME)";
				TEST_HOST = "$(BUILT_PRODUCTS_DIR)/Constraints.app/Constraints";
			};
			name = Release;
		};
/* End XCBuildConfiguration section */

/* Begin XCConfigurationList section */
		80240EFE1B89B70B0028489C /* Build configuration list for PBXProject "Constraints" */ = {
			isa = XCConfigurationList;
			buildConfigurations = (
				80240F201B89B70B0028489C /* Debug */,
				80240F211B89B70B0028489C /* Release */,
			);
			defaultConfigurationIsVisible = 0;
			defaultConfigurationName = Release;
		};
		80240F221B89B70B0028489C /* Build configuration list for PBXNativeTarget "Constraints" */ = {
			isa = XCConfigurationList;
			buildConfigurations = (
				80240F231B89B70B0028489C /* Debug */,
				80240F241B89B70B0028489C /* Release */,
			);
			defaultConfigurationIsVisible = 0;
		};
		80240F251B89B70B0028489C /* Build configuration list for PBXNativeTarget "ConstraintsTests" */ = {
			isa = XCConfigurationList;
			buildConfigurations = (
				80240F261B89B70B0028489C /* Debug */,
				80240F271B89B70B0028489C /* Release */,
			);
			defaultConfigurationIsVisible = 0;
		};
/* End XCConfigurationList section */
	};
	rootObject = 80240EFB1B89B70B0028489C /* Project object */;
}
